
Microsoft Visual Studio Solution File, Format Version 12.00
# Visual Studio Version 17
VisualStudioVersion = 17.3.32825.248
MinimumVisualStudioVersion = 10.0.40219.1
Project("{FAE04EC0-301F-11D3-BF4B-00C04F79EFBC}") = "WindowsFormsApp1", "WindowsFormsApp1\WindowsFormsApp1.csproj", "{B5617790-1E0F-4079-8D95-6E3AD91275AA}"
EndProject
Global
	GlobalSection(SolutionConfigurationPlatforms) = preSolution
		Debug|Any CPU = Debug|Any CPU
		Release|Any CPU = Release|Any CPU
	EndGlobalSection
	GlobalSection(ProjectConfigurationPlatforms) = postSolution
		{B5617790-1E0F-4079-8D95-6E3AD91275AA}.Debug|Any CPU.ActiveCfg = Debug|Any CPU
		{B5617790-1E0F-4079-8D95-6E3AD91275AA}.Debug|Any CPU.Build.0 = Debug|Any CPU
		{B5617790-1E0F-4079-8D95-6E3AD91275AA}.Release|Any CPU.ActiveCfg = Release|Any CPU
		{B5617790-1E0F-4079-8D95-6E3AD91275AA}.Release|Any CPU.Build.0 = Release|Any CPU
	EndGlobalSection
	GlobalSection(SolutionProperties) = preSolution
		HideSolutionNode = FALSE
	EndGlobalSection
	GlobalSection(ExtensibilityGlobals) = postSolution
		SolutionGuid = {EF251518-F906-4EFA-8FA8-5469F8DA0CAC}
	EndGlobalSection
EndGlobal
